
Microsoft Visual Studio Solution File, Format Version 12.00
# Visual Studio 15
VisualStudioVersion = 15.0.28010.2036
MinimumVisualStudioVersion = 10.0.40219.1
Project("{FAE04EC0-301F-11D3-BF4B-00C04F79EFBC}") = "Modul01_HalloWelt", "HalloWelt\Modul01_HalloWelt.csproj", "{08C8C9F5-4623-4210-9E5A-2AB5448EEAB4}"
EndProject
Project("{FAE04EC0-301F-11D3-BF4B-00C04F79EFBC}") = "Lab01_MiniRechner", "MiniRechner\Lab01_MiniRechner.csproj", "{1EA2EE9E-650B-4CA1-9FED-A8471424D03F}"
EndProject
Project("{FAE04EC0-301F-11D3-BF4B-00C04F79EFBC}") = "Modul02_Kontrollstrukturen", "Kontrollstrukturen\Modul02_Kontrollstrukturen.csproj", "{AE6BF081-F374-4DE2-959F-EB6C25CE6839}"
EndProject
Project("{FAE04EC0-301F-11D3-BF4B-00C04F79EFBC}") = "Modul02Demo_Zufallszahlengenerator", "Zufallszahlengenerator\Modul02Demo_Zufallszahlengenerator.csproj", "{640F31A1-0F90-43CF-A1CD-F4A8A4EEDE14}"
EndProject
Project("{FAE04EC0-301F-11D3-BF4B-00C04F79EFBC}") = "Lab02_Lotto", "Lotto\Lab02_Lotto.csproj", "{A608E02A-59D1-44C5-A60E-6AA78B29CC02}"
EndProject
Project("{FAE04EC0-301F-11D3-BF4B-00C04F79EFBC}") = "Modul03_Enumeratoren", "Enumeratoren\Modul03_Enumeratoren.csproj", "{D8786672-B017-42E9-8033-E26309E49108}"
EndProject
Project("{FAE04EC0-301F-11D3-BF4B-00C04F79EFBC}") = "Modul03_Funktionen", "Funktionen\Modul03_Funktionen.csproj", "{BBD98E28-6B49-48E0-9D1F-551EACCB81A2}"
EndProject
Project("{FAE04EC0-301F-11D3-BF4B-00C04F79EFBC}") = "Lab03_Taschenrechner", "Taschenrechner\Lab03_Taschenrechner.csproj", "{41D795CB-DEE5-4789-8F60-2454569ACC6F}"
EndProject
Project("{FAE04EC0-301F-11D3-BF4B-00C04F79EFBC}") = "Modul04f_Fahrzeugpark", "Fahrzeugpark\Modul04f_Fahrzeugpark.csproj", "{755AF380-5C76-47F8-AD2F-1D7571658663}"
EndProject
Project("{FAE04EC0-301F-11D3-BF4B-00C04F79EFBC}") = "Modul04f_TesteFahrzeugpark", "TesteFahrzeugpark\Modul04f_TesteFahrzeugpark.csproj", "{E1C3DD4B-7DFA-416B-8DEC-F849CA97A648}"
EndProject
Project("{FAE04EC0-301F-11D3-BF4B-00C04F79EFBC}") = "Modul04.5_StructsWerteUndReferenzen", "StructVSClass\Modul04.5_StructsWerteUndReferenzen.csproj", "{E672BB99-66F0-492A-8331-E00B51BB3DD2}"
EndProject
Project("{FAE04EC0-301F-11D3-BF4B-00C04F79EFBC}") = "Wdh1_OOP", "Wdh_OOP\Wdh1_OOP.csproj", "{10579660-6183-4039-91CC-B1D624C4CB6C}"
EndProject
Project("{FAE04EC0-301F-11D3-BF4B-00C04F79EFBC}") = "Modul08_ExceptionHandling", "ExceptionHandling\Modul08_ExceptionHandling.csproj", "{853BC410-AB64-48C9-B81E-33B931E05FD4}"
EndProject
Project("{FAE04EC0-301F-11D3-BF4B-00C04F79EFBC}") = "Modul08_UnitTest_Bsp", "UnitTest_Bsp\Modul08_UnitTest_Bsp.csproj", "{ADBBC991-73A3-4504-8D4E-6F8DAF84E9A8}"
EndProject
Project("{FAE04EC0-301F-11D3-BF4B-00C04F79EFBC}") = "Modul09_Delegates", "Delegates\Modul09_Delegates.csproj", "{A968B647-C950-4A24-84EE-A16029960D88}"
EndProject
Project("{FAE04EC0-301F-11D3-BF4B-00C04F79EFBC}") = "Modul09_WindowsFormsEvents", "WindowsFormsEvents\Modul09_WindowsFormsEvents.csproj", "{57109111-FF33-492D-998A-0D853398DE0B}"
EndProject
Project("{FAE04EC0-301F-11D3-BF4B-00C04F79EFBC}") = "Lab09_ButtonMovement", "ButtonMovement\Lab09_ButtonMovement.csproj", "{791B7D62-3913-4D17-85CE-FF62E7511927}"
EndProject
Project("{FAE04EC0-301F-11D3-BF4B-00C04F79EFBC}") = "Modul10.1_SpeichernUndLaden", "SpeichernUndLaden\Modul10.1_SpeichernUndLaden.csproj", "{31831C40-C5B0-4A17-9488-E6AC5FB1D3B3}"
EndProject
Project("{FAE04EC0-301F-11D3-BF4B-00C04F79EFBC}") = "Wdh2_Delegates", "Wd_Delegates\Wdh2_Delegates.csproj", "{AA9527F7-99CF-45E5-930F-C1D6B9678647}"
EndProject
Project("{FAE04EC0-301F-11D3-BF4B-00C04F79EFBC}") = "Modul10.2_3Serialisierung", "Serialisierung\Modul10.2_3Serialisierung.csproj", "{620B7A8F-633D-409D-8B73-9B2A60DEB951}"
EndProject
Global
	GlobalSection(SolutionConfigurationPlatforms) = preSolution
		Debug|Any CPU = Debug|Any CPU
		Release|Any CPU = Release|Any CPU
	EndGlobalSection
	GlobalSection(ProjectConfigurationPlatforms) = postSolution
		{08C8C9F5-4623-4210-9E5A-2AB5448EEAB4}.Debug|Any CPU.ActiveCfg = Debug|Any CPU
		{08C8C9F5-4623-4210-9E5A-2AB5448EEAB4}.Debug|Any CPU.Build.0 = Debug|Any CPU
		{08C8C9F5-4623-4210-9E5A-2AB5448EEAB4}.Release|Any CPU.ActiveCfg = Release|Any CPU
		{08C8C9F5-4623-4210-9E5A-2AB5448EEAB4}.Release|Any CPU.Build.0 = Release|Any CPU
		{1EA2EE9E-650B-4CA1-9FED-A8471424D03F}.Debug|Any CPU.ActiveCfg = Debug|Any CPU
		{1EA2EE9E-650B-4CA1-9FED-A8471424D03F}.Debug|Any CPU.Build.0 = Debug|Any CPU
		{1EA2EE9E-650B-4CA1-9FED-A8471424D03F}.Release|Any CPU.ActiveCfg = Release|Any CPU
		{1EA2EE9E-650B-4CA1-9FED-A8471424D03F}.Release|Any CPU.Build.0 = Release|Any CPU
		{AE6BF081-F374-4DE2-959F-EB6C25CE6839}.Debug|Any CPU.ActiveCfg = Debug|Any CPU
		{AE6BF081-F374-4DE2-959F-EB6C25CE6839}.Debug|Any CPU.Build.0 = Debug|Any CPU
		{AE6BF081-F374-4DE2-959F-EB6C25CE6839}.Release|Any CPU.ActiveCfg = Release|Any CPU
		{AE6BF081-F374-4DE2-959F-EB6C25CE6839}.Release|Any CPU.Build.0 = Release|Any CPU
		{640F31A1-0F90-43CF-A1CD-F4A8A4EEDE14}.Debug|Any CPU.ActiveCfg = Debug|Any CPU
		{640F31A1-0F90-43CF-A1CD-F4A8A4EEDE14}.Debug|Any CPU.Build.0 = Debug|Any CPU
		{640F31A1-0F90-43CF-A1CD-F4A8A4EEDE14}.Release|Any CPU.ActiveCfg = Release|Any CPU
		{640F31A1-0F90-43CF-A1CD-F4A8A4EEDE14}.Release|Any CPU.Build.0 = Release|Any CPU
		{A608E02A-59D1-44C5-A60E-6AA78B29CC02}.Debug|Any CPU.ActiveCfg = Debug|Any CPU
		{A608E02A-59D1-44C5-A60E-6AA78B29CC02}.Debug|Any CPU.Build.0 = Debug|Any CPU
		{A608E02A-59D1-44C5-A60E-6AA78B29CC02}.Release|Any CPU.ActiveCfg = Release|Any CPU
		{A608E02A-59D1-44C5-A60E-6AA78B29CC02}.Release|Any CPU.Build.0 = Release|Any CPU
		{D8786672-B017-42E9-8033-E26309E49108}.Debug|Any CPU.ActiveCfg = Debug|Any CPU
		{D8786672-B017-42E9-8033-E26309E49108}.Debug|Any CPU.Build.0 = Debug|Any CPU
		{D8786672-B017-42E9-8033-E26309E49108}.Release|Any CPU.ActiveCfg = Release|Any CPU
		{D8786672-B017-42E9-8033-E26309E49108}.Release|Any CPU.Build.0 = Release|Any CPU
		{BBD98E28-6B49-48E0-9D1F-551EACCB81A2}.Debug|Any CPU.ActiveCfg = Debug|Any CPU
		{BBD98E28-6B49-48E0-9D1F-551EACCB81A2}.Debug|Any CPU.Build.0 = Debug|Any CPU
		{BBD98E28-6B49-48E0-9D1F-551EACCB81A2}.Release|Any CPU.ActiveCfg = Release|Any CPU
		{BBD98E28-6B49-48E0-9D1F-551EACCB81A2}.Release|Any CPU.Build.0 = Release|Any CPU
		{41D795CB-DEE5-4789-8F60-2454569ACC6F}.Debug|Any CPU.ActiveCfg = Debug|Any CPU
		{41D795CB-DEE5-4789-8F60-2454569ACC6F}.Debug|Any CPU.Build.0 = Debug|Any CPU
		{41D795CB-DEE5-4789-8F60-2454569ACC6F}.Release|Any CPU.ActiveCfg = Release|Any CPU
		{41D795CB-DEE5-4789-8F60-2454569ACC6F}.Release|Any CPU.Build.0 = Release|Any CPU
		{755AF380-5C76-47F8-AD2F-1D7571658663}.Debug|Any CPU.ActiveCfg = Debug|Any CPU
		{755AF380-5C76-47F8-AD2F-1D7571658663}.Debug|Any CPU.Build.0 = Debug|Any CPU
		{755AF380-5C76-47F8-AD2F-1D7571658663}.Release|Any CPU.ActiveCfg = Release|Any CPU
		{755AF380-5C76-47F8-AD2F-1D7571658663}.Release|Any CPU.Build.0 = Release|Any CPU
		{E1C3DD4B-7DFA-416B-8DEC-F849CA97A648}.Debug|Any CPU.ActiveCfg = Debug|Any CPU
		{E1C3DD4B-7DFA-416B-8DEC-F849CA97A648}.Debug|Any CPU.Build.0 = Debug|Any CPU
		{E1C3DD4B-7DFA-416B-8DEC-F849CA97A648}.Release|Any CPU.ActiveCfg = Release|Any CPU
		{E1C3DD4B-7DFA-416B-8DEC-F849CA97A648}.Release|Any CPU.Build.0 = Release|Any CPU
		{E672BB99-66F0-492A-8331-E00B51BB3DD2}.Debug|Any CPU.ActiveCfg = Debug|Any CPU
		{E672BB99-66F0-492A-8331-E00B51BB3DD2}.Debug|Any CPU.Build.0 = Debug|Any CPU
		{E672BB99-66F0-492A-8331-E00B51BB3DD2}.Release|Any CPU.ActiveCfg = Release|Any CPU
		{E672BB99-66F0-492A-8331-E00B51BB3DD2}.Release|Any CPU.Build.0 = Release|Any CPU
		{10579660-6183-4039-91CC-B1D624C4CB6C}.Debug|Any CPU.ActiveCfg = Debug|Any CPU
		{10579660-6183-4039-91CC-B1D624C4CB6C}.Debug|Any CPU.Build.0 = Debug|Any CPU
		{10579660-6183-4039-91CC-B1D624C4CB6C}.Release|Any CPU.ActiveCfg = Release|Any CPU
		{10579660-6183-4039-91CC-B1D624C4CB6C}.Release|Any CPU.Build.0 = Release|Any CPU
		{853BC410-AB64-48C9-B81E-33B931E05FD4}.Debug|Any CPU.ActiveCfg = Debug|Any CPU
		{853BC410-AB64-48C9-B81E-33B931E05FD4}.Debug|Any CPU.Build.0 = Debug|Any CPU
		{853BC410-AB64-48C9-B81E-33B931E05FD4}.Release|Any CPU.ActiveCfg = Release|Any CPU
		{853BC410-AB64-48C9-B81E-33B931E05FD4}.Release|Any CPU.Build.0 = Release|Any CPU
		{ADBBC991-73A3-4504-8D4E-6F8DAF84E9A8}.Debug|Any CPU.ActiveCfg = Debug|Any CPU
		{ADBBC991-73A3-4504-8D4E-6F8DAF84E9A8}.Debug|Any CPU.Build.0 = Debug|Any CPU
		{ADBBC991-73A3-4504-8D4E-6F8DAF84E9A8}.Release|Any CPU.ActiveCfg = Release|Any CPU
		{ADBBC991-73A3-4504-8D4E-6F8DAF84E9A8}.Release|Any CPU.Build.0 = Release|Any CPU
		{A968B647-C950-4A24-84EE-A16029960D88}.Debug|Any CPU.ActiveCfg = Debug|Any CPU
		{A968B647-C950-4A24-84EE-A16029960D88}.Debug|Any CPU.Build.0 = Debug|Any CPU
		{A968B647-C950-4A24-84EE-A16029960D88}.Release|Any CPU.ActiveCfg = Release|Any CPU
		{A968B647-C950-4A24-84EE-A16029960D88}.Release|Any CPU.Build.0 = Release|Any CPU
		{57109111-FF33-492D-998A-0D853398DE0B}.Debug|Any CPU.ActiveCfg = Debug|Any CPU
		{57109111-FF33-492D-998A-0D853398DE0B}.Debug|Any CPU.Build.0 = Debug|Any CPU
		{57109111-FF33-492D-998A-0D853398DE0B}.Release|Any CPU.ActiveCfg = Release|Any CPU
		{57109111-FF33-492D-998A-0D853398DE0B}.Release|Any CPU.Build.0 = Release|Any CPU
		{791B7D62-3913-4D17-85CE-FF62E7511927}.Debug|Any CPU.ActiveCfg = Debug|Any CPU
		{791B7D62-3913-4D17-85CE-FF62E7511927}.Debug|Any CPU.Build.0 = Debug|Any CPU
		{791B7D62-3913-4D17-85CE-FF62E7511927}.Release|Any CPU.ActiveCfg = Release|Any CPU
		{791B7D62-3913-4D17-85CE-FF62E7511927}.Release|Any CPU.Build.0 = Release|Any CPU
		{31831C40-C5B0-4A17-9488-E6AC5FB1D3B3}.Debug|Any CPU.ActiveCfg = Debug|Any CPU
		{31831C40-C5B0-4A17-9488-E6AC5FB1D3B3}.Debug|Any CPU.Build.0 = Debug|Any CPU
		{31831C40-C5B0-4A17-9488-E6AC5FB1D3B3}.Release|Any CPU.ActiveCfg = Release|Any CPU
		{31831C40-C5B0-4A17-9488-E6AC5FB1D3B3}.Release|Any CPU.Build.0 = Release|Any CPU
		{AA9527F7-99CF-45E5-930F-C1D6B9678647}.Debug|Any CPU.ActiveCfg = Debug|Any CPU
		{AA9527F7-99CF-45E5-930F-C1D6B9678647}.Debug|Any CPU.Build.0 = Debug|Any CPU
		{AA9527F7-99CF-45E5-930F-C1D6B9678647}.Release|Any CPU.ActiveCfg = Release|Any CPU
		{AA9527F7-99CF-45E5-930F-C1D6B9678647}.Release|Any CPU.Build.0 = Release|Any CPU
		{620B7A8F-633D-409D-8B73-9B2A60DEB951}.Debug|Any CPU.ActiveCfg = Debug|Any CPU
		{620B7A8F-633D-409D-8B73-9B2A60DEB951}.Debug|Any CPU.Build.0 = Debug|Any CPU
		{620B7A8F-633D-409D-8B73-9B2A60DEB951}.Release|Any CPU.ActiveCfg = Release|Any CPU
		{620B7A8F-633D-409D-8B73-9B2A60DEB951}.Release|Any CPU.Build.0 = Release|Any CPU
	EndGlobalSection
	GlobalSection(SolutionProperties) = preSolution
		HideSolutionNode = FALSE
	EndGlobalSection
	GlobalSection(ExtensibilityGlobals) = postSolution
		SolutionGuid = {F51FEF83-4239-4D54-9CD7-11A0E290137A}
	EndGlobalSection
EndGlobal
